
Microsoft Visual Studio Solution File, Format Version 12.00
# Visual Studio Version 17
VisualStudioVersion = 17.1.32421.90
MinimumVisualStudioVersion = 10.0.40219.1
Project("{FAE04EC0-301F-11D3-BF4B-00C04F79EFBC}") = "ContactManager", "ContactManager\ContactManager.csproj", "{3DED09C4-1494-46B4-BBA4-8F5B8D565A5F}"
EndProject
Global
	GlobalSection(SolutionConfigurationPlatforms) = preSolution
		Debug|Any CPU = Debug|Any CPU
		Release|Any CPU = Release|Any CPU
	EndGlobalSection
	GlobalSection(ProjectConfigurationPlatforms) = postSolution
		{3DED09C4-1494-46B4-BBA4-8F5B8D565A5F}.Debug|Any CPU.ActiveCfg = Debug|Any CPU
		{3DED09C4-1494-46B4-BBA4-8F5B8D565A5F}.Debug|Any CPU.Build.0 = Debug|Any CPU
		{3DED09C4-1494-46B4-BBA4-8F5B8D565A5F}.Release|Any CPU.ActiveCfg = Release|Any CPU
		{3DED09C4-1494-46B4-BBA4-8F5B8D565A5F}.Release|Any CPU.Build.0 = Release|Any CPU
	EndGlobalSection
	GlobalSection(SolutionProperties) = preSolution
		HideSolutionNode = FALSE
	EndGlobalSection
	GlobalSection(ExtensibilityGlobals) = postSolution
		SolutionGuid = {33CDE2A1-67BB-451D-88C2-335B392DE804}
	EndGlobalSection
EndGlobal
