
Microsoft Visual Studio Solution File, Format Version 12.00
# Visual Studio Version 17
VisualStudioVersion = 17.0.32112.339
MinimumVisualStudioVersion = 10.0.40219.1
Project("{FAE04EC0-301F-11D3-BF4B-00C04F79EFBC}") = "RazorPagesMovie", "RazorPagesMovie\RazorPagesMovie.csproj", "{9281F419-D48D-43A0-83F1-7E11E0D9C43A}"
EndProject
Global
	GlobalSection(SolutionConfigurationPlatforms) = preSolution
		Debug|Any CPU = Debug|Any CPU
		Release|Any CPU = Release|Any CPU
	EndGlobalSection
	GlobalSection(ProjectConfigurationPlatforms) = postSolution
		{9281F419-D48D-43A0-83F1-7E11E0D9C43A}.Debug|Any CPU.ActiveCfg = Debug|Any CPU
		{9281F419-D48D-43A0-83F1-7E11E0D9C43A}.Debug|Any CPU.Build.0 = Debug|Any CPU
		{9281F419-D48D-43A0-83F1-7E11E0D9C43A}.Release|Any CPU.ActiveCfg = Release|Any CPU
		{9281F419-D48D-43A0-83F1-7E11E0D9C43A}.Release|Any CPU.Build.0 = Release|Any CPU
	EndGlobalSection
	GlobalSection(SolutionProperties) = preSolution
		HideSolutionNode = FALSE
	EndGlobalSection
	GlobalSection(ExtensibilityGlobals) = postSolution
		SolutionGuid = {B4DDACA7-579A-4275-B653-395590FC11A0}
	EndGlobalSection
EndGlobal
