
Microsoft Visual Studio Solution File, Format Version 12.00
# Visual Studio Version 17
VisualStudioVersion = 17.0.32112.339
MinimumVisualStudioVersion = 10.0.40219.1
Project("{FAE04EC0-301F-11D3-BF4B-00C04F79EFBC}") = "SampleASPNetCoreApp", "SampleASPNetCoreApp\SampleASPNetCoreApp.csproj", "{98E323B0-56F4-4DD4-8859-9B6B4A735F2F}"
EndProject
Global
	GlobalSection(SolutionConfigurationPlatforms) = preSolution
		Debug|Any CPU = Debug|Any CPU
		Release|Any CPU = Release|Any CPU
	EndGlobalSection
	GlobalSection(ProjectConfigurationPlatforms) = postSolution
		{98E323B0-56F4-4DD4-8859-9B6B4A735F2F}.Debug|Any CPU.ActiveCfg = Debug|Any CPU
		{98E323B0-56F4-4DD4-8859-9B6B4A735F2F}.Debug|Any CPU.Build.0 = Debug|Any CPU
		{98E323B0-56F4-4DD4-8859-9B6B4A735F2F}.Release|Any CPU.ActiveCfg = Release|Any CPU
		{98E323B0-56F4-4DD4-8859-9B6B4A735F2F}.Release|Any CPU.Build.0 = Release|Any CPU
	EndGlobalSection
	GlobalSection(SolutionProperties) = preSolution
		HideSolutionNode = FALSE
	EndGlobalSection
	GlobalSection(ExtensibilityGlobals) = postSolution
		SolutionGuid = {8D99944A-F2A8-4960-B790-E7C49EAD088A}
	EndGlobalSection
EndGlobal
