
Microsoft Visual Studio Solution File, Format Version 12.00
# Visual Studio Version 17
VisualStudioVersion = 17.0.32112.339
MinimumVisualStudioVersion = 10.0.40219.1
Project("{FAE04EC0-301F-11D3-BF4B-00C04F79EFBC}") = "DryRidgeProgramming", "DryRidgeProgramming\DryRidgeProgramming.csproj", "{632DB6A7-E185-4920-B31B-4E182CEA65E7}"
EndProject
Global
	GlobalSection(SolutionConfigurationPlatforms) = preSolution
		Debug|Any CPU = Debug|Any CPU
		Release|Any CPU = Release|Any CPU
	EndGlobalSection
	GlobalSection(ProjectConfigurationPlatforms) = postSolution
		{632DB6A7-E185-4920-B31B-4E182CEA65E7}.Debug|Any CPU.ActiveCfg = Debug|Any CPU
		{632DB6A7-E185-4920-B31B-4E182CEA65E7}.Debug|Any CPU.Build.0 = Debug|Any CPU
		{632DB6A7-E185-4920-B31B-4E182CEA65E7}.Release|Any CPU.ActiveCfg = Release|Any CPU
		{632DB6A7-E185-4920-B31B-4E182CEA65E7}.Release|Any CPU.Build.0 = Release|Any CPU
	EndGlobalSection
	GlobalSection(SolutionProperties) = preSolution
		HideSolutionNode = FALSE
	EndGlobalSection
	GlobalSection(ExtensibilityGlobals) = postSolution
		SolutionGuid = {3437E53C-B3A7-4567-BBC4-8DF43F581C92}
	EndGlobalSection
EndGlobal
